
Microsoft Visual Studio Solution File, Format Version 12.00
# Visual Studio 15
VisualStudioVersion = 15.0.28307.168
MinimumVisualStudioVersion = 10.0.40219.1
Project("{FAE04EC0-301F-11D3-BF4B-00C04F79EFBC}") = "Indice.Android", "Indice\Indice.Android\Indice.Android.csproj", "{F99683B0-F52C-42C5-B210-5792190B711F}"
EndProject
Project("{FAE04EC0-301F-11D3-BF4B-00C04F79EFBC}") = "Indice.iOS", "Indice\Indice.iOS\Indice.iOS.csproj", "{7453B9EE-5D75-4919-AD0F-0959C67C2533}"
EndProject
Project("{FAE04EC0-301F-11D3-BF4B-00C04F79EFBC}") = "Indice.UWP", "Indice\Indice.UWP\Indice.UWP.csproj", "{8AB207F6-EBF9-4CFE-9C4C-8EF5755C49CE}"
EndProject
Project("{FAE04EC0-301F-11D3-BF4B-00C04F79EFBC}") = "Indice", "Indice\Indice\Indice.csproj", "{31EB8040-9812-4B88-BB8F-54F0F6BC77D5}"
EndProject
Global
	GlobalSection(SolutionConfigurationPlatforms) = preSolution
		Ad-Hoc|Any CPU = Ad-Hoc|Any CPU
		Ad-Hoc|ARM = Ad-Hoc|ARM
		Ad-Hoc|iPhone = Ad-Hoc|iPhone
		Ad-Hoc|iPhoneSimulator = Ad-Hoc|iPhoneSimulator
		Ad-Hoc|x64 = Ad-Hoc|x64
		Ad-Hoc|x86 = Ad-Hoc|x86
		AppStore|Any CPU = AppStore|Any CPU
		AppStore|ARM = AppStore|ARM
		AppStore|iPhone = AppStore|iPhone
		AppStore|iPhoneSimulator = AppStore|iPhoneSimulator
		AppStore|x64 = AppStore|x64
		AppStore|x86 = AppStore|x86
		Debug|Any CPU = Debug|Any CPU
		Debug|ARM = Debug|ARM
		Debug|iPhone = Debug|iPhone
		Debug|iPhoneSimulator = Debug|iPhoneSimulator
		Debug|x64 = Debug|x64
		Debug|x86 = Debug|x86
		Release|Any CPU = Release|Any CPU
		Release|ARM = Release|ARM
		Release|iPhone = Release|iPhone
		Release|iPhoneSimulator = Release|iPhoneSimulator
		Release|x64 = Release|x64
		Release|x86 = Release|x86
	EndGlobalSection
	GlobalSection(ProjectConfigurationPlatforms) = postSolution
		{F99683B0-F52C-42C5-B210-5792190B711F}.Ad-Hoc|Any CPU.ActiveCfg = Release|Any CPU
		{F99683B0-F52C-42C5-B210-5792190B711F}.Ad-Hoc|Any CPU.Build.0 = Release|Any CPU
		{F99683B0-F52C-42C5-B210-5792190B711F}.Ad-Hoc|Any CPU.Deploy.0 = Release|Any CPU
		{F99683B0-F52C-42C5-B210-5792190B711F}.Ad-Hoc|ARM.ActiveCfg = Release|Any CPU
		{F99683B0-F52C-42C5-B210-5792190B711F}.Ad-Hoc|ARM.Build.0 = Release|Any CPU
		{F99683B0-F52C-42C5-B210-5792190B711F}.Ad-Hoc|ARM.Deploy.0 = Release|Any CPU
		{F99683B0-F52C-42C5-B210-5792190B711F}.Ad-Hoc|iPhone.ActiveCfg = Release|Any CPU
		{F99683B0-F52C-42C5-B210-5792190B711F}.Ad-Hoc|iPhone.Build.0 = Release|Any CPU
		{F99683B0-F52C-42C5-B210-5792190B711F}.Ad-Hoc|iPhone.Deploy.0 = Release|Any CPU
		{F99683B0-F52C-42C5-B210-5792190B711F}.Ad-Hoc|iPhoneSimulator.ActiveCfg = Release|Any CPU
		{F99683B0-F52C-42C5-B210-5792190B711F}.Ad-Hoc|iPhoneSimulator.Build.0 = Release|Any CPU
		{F99683B0-F52C-42C5-B210-5792190B711F}.Ad-Hoc|iPhoneSimulator.Deploy.0 = Release|Any CPU
		{F99683B0-F52C-42C5-B210-5792190B711F}.Ad-Hoc|x64.ActiveCfg = Release|Any CPU
		{F99683B0-F52C-42C5-B210-5792190B711F}.Ad-Hoc|x64.Build.0 = Release|Any CPU
		{F99683B0-F52C-42C5-B210-5792190B711F}.Ad-Hoc|x64.Deploy.0 = Release|Any CPU
		{F99683B0-F52C-42C5-B210-5792190B711F}.Ad-Hoc|x86.ActiveCfg = Release|Any CPU
		{F99683B0-F52C-42C5-B210-5792190B711F}.Ad-Hoc|x86.Build.0 = Release|Any CPU
		{F99683B0-F52C-42C5-B210-5792190B711F}.Ad-Hoc|x86.Deploy.0 = Release|Any CPU
		{F99683B0-F52C-42C5-B210-5792190B711F}.AppStore|Any CPU.ActiveCfg = Release|Any CPU
		{F99683B0-F52C-42C5-B210-5792190B711F}.AppStore|Any CPU.Build.0 = Release|Any CPU
		{F99683B0-F52C-42C5-B210-5792190B711F}.AppStore|Any CPU.Deploy.0 = Release|Any CPU
		{F99683B0-F52C-42C5-B210-5792190B711F}.AppStore|ARM.ActiveCfg = Release|Any CPU
		{F99683B0-F52C-42C5-B210-5792190B711F}.AppStore|ARM.Build.0 = Release|Any CPU
		{F99683B0-F52C-42C5-B210-5792190B711F}.AppStore|ARM.Deploy.0 = Release|Any CPU
		{F99683B0-F52C-42C5-B210-5792190B711F}.AppStore|iPhone.ActiveCfg = Release|Any CPU
		{F99683B0-F52C-42C5-B210-5792190B711F}.AppStore|iPhone.Build.0 = Release|Any CPU
		{F99683B0-F52C-42C5-B210-5792190B711F}.AppStore|iPhone.Deploy.0 = Release|Any CPU
		{F99683B0-F52C-42C5-B210-5792190B711F}.AppStore|iPhoneSimulator.ActiveCfg = Release|Any CPU
		{F99683B0-F52C-42C5-B210-5792190B711F}.AppStore|iPhoneSimulator.Build.0 = Release|Any CPU
		{F99683B0-F52C-42C5-B210-5792190B711F}.AppStore|iPhoneSimulator.Deploy.0 = Release|Any CPU
		{F99683B0-F52C-42C5-B210-5792190B711F}.AppStore|x64.ActiveCfg = Release|Any CPU
		{F99683B0-F52C-42C5-B210-5792190B711F}.AppStore|x64.Build.0 = Release|Any CPU
		{F99683B0-F52C-42C5-B210-5792190B711F}.AppStore|x64.Deploy.0 = Release|Any CPU
		{F99683B0-F52C-42C5-B210-5792190B711F}.AppStore|x86.ActiveCfg = Release|Any CPU
		{F99683B0-F52C-42C5-B210-5792190B711F}.AppStore|x86.Build.0 = Release|Any CPU
		{F99683B0-F52C-42C5-B210-5792190B711F}.AppStore|x86.Deploy.0 = Release|Any CPU
		{F99683B0-F52C-42C5-B210-5792190B711F}.Debug|Any CPU.ActiveCfg = Debug|Any CPU
		{F99683B0-F52C-42C5-B210-5792190B711F}.Debug|Any CPU.Build.0 = Debug|Any CPU
		{F99683B0-F52C-42C5-B210-5792190B711F}.Debug|Any CPU.Deploy.0 = Debug|Any CPU
		{F99683B0-F52C-42C5-B210-5792190B711F}.Debug|ARM.ActiveCfg = Debug|Any CPU
		{F99683B0-F52C-42C5-B210-5792190B711F}.Debug|ARM.Build.0 = Debug|Any CPU
		{F99683B0-F52C-42C5-B210-5792190B711F}.Debug|ARM.Deploy.0 = Debug|Any CPU
		{F99683B0-F52C-42C5-B210-5792190B711F}.Debug|iPhone.ActiveCfg = Debug|Any CPU
		{F99683B0-F52C-42C5-B210-5792190B711F}.Debug|iPhone.Build.0 = Debug|Any CPU
		{F99683B0-F52C-42C5-B210-5792190B711F}.Debug|iPhone.Deploy.0 = Debug|Any CPU
		{F99683B0-F52C-42C5-B210-5792190B711F}.Debug|iPhoneSimulator.ActiveCfg = Debug|Any CPU
		{F99683B0-F52C-42C5-B210-5792190B711F}.Debug|iPhoneSimulator.Build.0 = Debug|Any CPU
		{F99683B0-F52C-42C5-B210-5792190B711F}.Debug|iPhoneSimulator.Deploy.0 = Debug|Any CPU
		{F99683B0-F52C-42C5-B210-5792190B711F}.Debug|x64.ActiveCfg = Debug|Any CPU
		{F99683B0-F52C-42C5-B210-5792190B711F}.Debug|x64.Build.0 = Debug|Any CPU
		{F99683B0-F52C-42C5-B210-5792190B711F}.Debug|x64.Deploy.0 = Debug|Any CPU
		{F99683B0-F52C-42C5-B210-5792190B711F}.Debug|x86.ActiveCfg = Debug|Any CPU
		{F99683B0-F52C-42C5-B210-5792190B711F}.Debug|x86.Build.0 = Debug|Any CPU
		{F99683B0-F52C-42C5-B210-5792190B711F}.Debug|x86.Deploy.0 = Debug|Any CPU
		{F99683B0-F52C-42C5-B210-5792190B711F}.Release|Any CPU.ActiveCfg = Release|Any CPU
		{F99683B0-F52C-42C5-B210-5792190B711F}.Release|Any CPU.Build.0 = Release|Any CPU
		{F99683B0-F52C-42C5-B210-5792190B711F}.Release|Any CPU.Deploy.0 = Release|Any CPU
		{F99683B0-F52C-42C5-B210-5792190B711F}.Release|ARM.ActiveCfg = Release|Any CPU
		{F99683B0-F52C-42C5-B210-5792190B711F}.Release|ARM.Build.0 = Release|Any CPU
		{F99683B0-F52C-42C5-B210-5792190B711F}.Release|ARM.Deploy.0 = Release|Any CPU
		{F99683B0-F52C-42C5-B210-5792190B711F}.Release|iPhone.ActiveCfg = Release|Any CPU
		{F99683B0-F52C-42C5-B210-5792190B711F}.Release|iPhone.Build.0 = Release|Any CPU
		{F99683B0-F52C-42C5-B210-5792190B711F}.Release|iPhone.Deploy.0 = Release|Any CPU
		{F99683B0-F52C-42C5-B210-5792190B711F}.Release|iPhoneSimulator.ActiveCfg = Release|Any CPU
		{F99683B0-F52C-42C5-B210-5792190B711F}.Release|iPhoneSimulator.Build.0 = Release|Any CPU
		{F99683B0-F52C-42C5-B210-5792190B711F}.Release|iPhoneSimulator.Deploy.0 = Release|Any CPU
		{F99683B0-F52C-42C5-B210-5792190B711F}.Release|x64.ActiveCfg = Release|Any CPU
		{F99683B0-F52C-42C5-B210-5792190B711F}.Release|x64.Build.0 = Release|Any CPU
		{F99683B0-F52C-42C5-B210-5792190B711F}.Release|x64.Deploy.0 = Release|Any CPU
		{F99683B0-F52C-42C5-B210-5792190B711F}.Release|x86.ActiveCfg = Release|Any CPU
		{F99683B0-F52C-42C5-B210-5792190B711F}.Release|x86.Build.0 = Release|Any CPU
		{F99683B0-F52C-42C5-B210-5792190B711F}.Release|x86.Deploy.0 = Release|Any CPU
		{7453B9EE-5D75-4919-AD0F-0959C67C2533}.Ad-Hoc|Any CPU.ActiveCfg = Ad-Hoc|iPhone
		{7453B9EE-5D75-4919-AD0F-0959C67C2533}.Ad-Hoc|Any CPU.Build.0 = Ad-Hoc|iPhone
		{7453B9EE-5D75-4919-AD0F-0959C67C2533}.Ad-Hoc|Any CPU.Deploy.0 = Ad-Hoc|iPhone
		{7453B9EE-5D75-4919-AD0F-0959C67C2533}.Ad-Hoc|ARM.ActiveCfg = Ad-Hoc|iPhone
		{7453B9EE-5D75-4919-AD0F-0959C67C2533}.Ad-Hoc|ARM.Build.0 = Ad-Hoc|iPhone
		{7453B9EE-5D75-4919-AD0F-0959C67C2533}.Ad-Hoc|ARM.Deploy.0 = Ad-Hoc|iPhone
		{7453B9EE-5D75-4919-AD0F-0959C67C2533}.Ad-Hoc|iPhone.ActiveCfg = Ad-Hoc|iPhone
		{7453B9EE-5D75-4919-AD0F-0959C67C2533}.Ad-Hoc|iPhone.Build.0 = Ad-Hoc|iPhone
		{7453B9EE-5D75-4919-AD0F-0959C67C2533}.Ad-Hoc|iPhone.Deploy.0 = Ad-Hoc|iPhone
		{7453B9EE-5D75-4919-AD0F-0959C67C2533}.Ad-Hoc|iPhoneSimulator.ActiveCfg = Ad-Hoc|iPhoneSimulator
		{7453B9EE-5D75-4919-AD0F-0959C67C2533}.Ad-Hoc|iPhoneSimulator.Build.0 = Ad-Hoc|iPhoneSimulator
		{7453B9EE-5D75-4919-AD0F-0959C67C2533}.Ad-Hoc|iPhoneSimulator.Deploy.0 = Ad-Hoc|iPhoneSimulator
		{7453B9EE-5D75-4919-AD0F-0959C67C2533}.Ad-Hoc|x64.ActiveCfg = Ad-Hoc|iPhone
		{7453B9EE-5D75-4919-AD0F-0959C67C2533}.Ad-Hoc|x64.Build.0 = Ad-Hoc|iPhone
		{7453B9EE-5D75-4919-AD0F-0959C67C2533}.Ad-Hoc|x64.Deploy.0 = Ad-Hoc|iPhone
		{7453B9EE-5D75-4919-AD0F-0959C67C2533}.Ad-Hoc|x86.ActiveCfg = Ad-Hoc|iPhone
		{7453B9EE-5D75-4919-AD0F-0959C67C2533}.Ad-Hoc|x86.Build.0 = Ad-Hoc|iPhone
		{7453B9EE-5D75-4919-AD0F-0959C67C2533}.Ad-Hoc|x86.Deploy.0 = Ad-Hoc|iPhone
		{7453B9EE-5D75-4919-AD0F-0959C67C2533}.AppStore|Any CPU.ActiveCfg = AppStore|iPhone
		{7453B9EE-5D75-4919-AD0F-0959C67C2533}.AppStore|Any CPU.Build.0 = AppStore|iPhone
		{7453B9EE-5D75-4919-AD0F-0959C67C2533}.AppStore|Any CPU.Deploy.0 = AppStore|iPhone
		{7453B9EE-5D75-4919-AD0F-0959C67C2533}.AppStore|ARM.ActiveCfg = AppStore|iPhone
		{7453B9EE-5D75-4919-AD0F-0959C67C2533}.AppStore|ARM.Build.0 = AppStore|iPhone
		{7453B9EE-5D75-4919-AD0F-0959C67C2533}.AppStore|ARM.Deploy.0 = AppStore|iPhone
		{7453B9EE-5D75-4919-AD0F-0959C67C2533}.AppStore|iPhone.ActiveCfg = AppStore|iPhone
		{7453B9EE-5D75-4919-AD0F-0959C67C2533}.AppStore|iPhone.Build.0 = AppStore|iPhone
		{7453B9EE-5D75-4919-AD0F-0959C67C2533}.AppStore|iPhone.Deploy.0 = AppStore|iPhone
		{7453B9EE-5D75-4919-AD0F-0959C67C2533}.AppStore|iPhoneSimulator.ActiveCfg = AppStore|iPhoneSimulator
		{7453B9EE-5D75-4919-AD0F-0959C67C2533}.AppStore|iPhoneSimulator.Build.0 = AppStore|iPhoneSimulator
		{7453B9EE-5D75-4919-AD0F-0959C67C2533}.AppStore|iPhoneSimulator.Deploy.0 = AppStore|iPhoneSimulator
		{7453B9EE-5D75-4919-AD0F-0959C67C2533}.AppStore|x64.ActiveCfg = AppStore|iPhone
		{7453B9EE-5D75-4919-AD0F-0959C67C2533}.AppStore|x64.Build.0 = AppStore|iPhone
		{7453B9EE-5D75-4919-AD0F-0959C67C2533}.AppStore|x64.Deploy.0 = AppStore|iPhone
		{7453B9EE-5D75-4919-AD0F-0959C67C2533}.AppStore|x86.ActiveCfg = AppStore|iPhone
		{7453B9EE-5D75-4919-AD0F-0959C67C2533}.AppStore|x86.Build.0 = AppStore|iPhone
		{7453B9EE-5D75-4919-AD0F-0959C67C2533}.AppStore|x86.Deploy.0 = AppStore|iPhone
		{7453B9EE-5D75-4919-AD0F-0959C67C2533}.Debug|Any CPU.ActiveCfg = Debug|iPhoneSimulator
		{7453B9EE-5D75-4919-AD0F-0959C67C2533}.Debug|Any CPU.Build.0 = Debug|iPhoneSimulator
		{7453B9EE-5D75-4919-AD0F-0959C67C2533}.Debug|Any CPU.Deploy.0 = Debug|iPhoneSimulator
		{7453B9EE-5D75-4919-AD0F-0959C67C2533}.Debug|ARM.ActiveCfg = Debug|iPhone
		{7453B9EE-5D75-4919-AD0F-0959C67C2533}.Debug|ARM.Build.0 = Debug|iPhone
		{7453B9EE-5D75-4919-AD0F-0959C67C2533}.Debug|ARM.Deploy.0 = Debug|iPhone
		{7453B9EE-5D75-4919-AD0F-0959C67C2533}.Debug|iPhone.ActiveCfg = Debug|iPhone
		{7453B9EE-5D75-4919-AD0F-0959C67C2533}.Debug|iPhone.Build.0 = Debug|iPhone
		{7453B9EE-5D75-4919-AD0F-0959C67C2533}.Debug|iPhone.Deploy.0 = Debug|iPhone
		{7453B9EE-5D75-4919-AD0F-0959C67C2533}.Debug|iPhoneSimulator.ActiveCfg = Debug|iPhoneSimulator
		{7453B9EE-5D75-4919-AD0F-0959C67C2533}.Debug|iPhoneSimulator.Build.0 = Debug|iPhoneSimulator
		{7453B9EE-5D75-4919-AD0F-0959C67C2533}.Debug|iPhoneSimulator.Deploy.0 = Debug|iPhoneSimulator
		{7453B9EE-5D75-4919-AD0F-0959C67C2533}.Debug|x64.ActiveCfg = Debug|iPhone
		{7453B9EE-5D75-4919-AD0F-0959C67C2533}.Debug|x64.Build.0 = Debug|iPhone
		{7453B9EE-5D75-4919-AD0F-0959C67C2533}.Debug|x64.Deploy.0 = Debug|iPhone
		{7453B9EE-5D75-4919-AD0F-0959C67C2533}.Debug|x86.ActiveCfg = Debug|iPhone
		{7453B9EE-5D75-4919-AD0F-0959C67C2533}.Debug|x86.Build.0 = Debug|iPhone
		{7453B9EE-5D75-4919-AD0F-0959C67C2533}.Debug|x86.Deploy.0 = Debug|iPhone
		{7453B9EE-5D75-4919-AD0F-0959C67C2533}.Release|Any CPU.ActiveCfg = Release|iPhone
		{7453B9EE-5D75-4919-AD0F-0959C67C2533}.Release|Any CPU.Build.0 = Release|iPhone
		{7453B9EE-5D75-4919-AD0F-0959C67C2533}.Release|Any CPU.Deploy.0 = Release|iPhone
		{7453B9EE-5D75-4919-AD0F-0959C67C2533}.Release|ARM.ActiveCfg = Release|iPhone
		{7453B9EE-5D75-4919-AD0F-0959C67C2533}.Release|ARM.Build.0 = Release|iPhone
		{7453B9EE-5D75-4919-AD0F-0959C67C2533}.Release|ARM.Deploy.0 = Release|iPhone
		{7453B9EE-5D75-4919-AD0F-0959C67C2533}.Release|iPhone.ActiveCfg = Release|iPhone
		{7453B9EE-5D75-4919-AD0F-0959C67C2533}.Release|iPhone.Build.0 = Release|iPhone
		{7453B9EE-5D75-4919-AD0F-0959C67C2533}.Release|iPhone.Deploy.0 = Release|iPhone
		{7453B9EE-5D75-4919-AD0F-0959C67C2533}.Release|iPhoneSimulator.ActiveCfg = Release|iPhoneSimulator
		{7453B9EE-5D75-4919-AD0F-0959C67C2533}.Release|iPhoneSimulator.Build.0 = Release|iPhoneSimulator
		{7453B9EE-5D75-4919-AD0F-0959C67C2533}.Release|iPhoneSimulator.Deploy.0 = Release|iPhoneSimulator
		{7453B9EE-5D75-4919-AD0F-0959C67C2533}.Release|x64.ActiveCfg = Release|iPhone
		{7453B9EE-5D75-4919-AD0F-0959C67C2533}.Release|x64.Build.0 = Release|iPhone
		{7453B9EE-5D75-4919-AD0F-0959C67C2533}.Release|x64.Deploy.0 = Release|iPhone
		{7453B9EE-5D75-4919-AD0F-0959C67C2533}.Release|x86.ActiveCfg = Release|iPhone
		{7453B9EE-5D75-4919-AD0F-0959C67C2533}.Release|x86.Build.0 = Release|iPhone
		{7453B9EE-5D75-4919-AD0F-0959C67C2533}.Release|x86.Deploy.0 = Release|iPhone
		{8AB207F6-EBF9-4CFE-9C4C-8EF5755C49CE}.Ad-Hoc|Any CPU.ActiveCfg = Release|x86
		{8AB207F6-EBF9-4CFE-9C4C-8EF5755C49CE}.Ad-Hoc|Any CPU.Build.0 = Release|x86
		{8AB207F6-EBF9-4CFE-9C4C-8EF5755C49CE}.Ad-Hoc|Any CPU.Deploy.0 = Release|x86
		{8AB207F6-EBF9-4CFE-9C4C-8EF5755C49CE}.Ad-Hoc|ARM.ActiveCfg = Release|ARM
		{8AB207F6-EBF9-4CFE-9C4C-8EF5755C49CE}.Ad-Hoc|ARM.Build.0 = Release|ARM
		{8AB207F6-EBF9-4CFE-9C4C-8EF5755C49CE}.Ad-Hoc|ARM.Deploy.0 = Release|ARM
		{8AB207F6-EBF9-4CFE-9C4C-8EF5755C49CE}.Ad-Hoc|iPhone.ActiveCfg = Release|x86
		{8AB207F6-EBF9-4CFE-9C4C-8EF5755C49CE}.Ad-Hoc|iPhone.Build.0 = Release|x86
		{8AB207F6-EBF9-4CFE-9C4C-8EF5755C49CE}.Ad-Hoc|iPhone.Deploy.0 = Release|x86
		{8AB207F6-EBF9-4CFE-9C4C-8EF5755C49CE}.Ad-Hoc|iPhoneSimulator.ActiveCfg = Release|x86
		{8AB207F6-EBF9-4CFE-9C4C-8EF5755C49CE}.Ad-Hoc|iPhoneSimulator.Build.0 = Release|x86
		{8AB207F6-EBF9-4CFE-9C4C-8EF5755C49CE}.Ad-Hoc|iPhoneSimulator.Deploy.0 = Release|x86
		{8AB207F6-EBF9-4CFE-9C4C-8EF5755C49CE}.Ad-Hoc|x64.ActiveCfg = Release|x64
		{8AB207F6-EBF9-4CFE-9C4C-8EF5755C49CE}.Ad-Hoc|x64.Build.0 = Release|x64
		{8AB207F6-EBF9-4CFE-9C4C-8EF5755C49CE}.Ad-Hoc|x64.Deploy.0 = Release|x64
		{8AB207F6-EBF9-4CFE-9C4C-8EF5755C49CE}.Ad-Hoc|x86.ActiveCfg = Release|x86
		{8AB207F6-EBF9-4CFE-9C4C-8EF5755C49CE}.Ad-Hoc|x86.Build.0 = Release|x86
		{8AB207F6-EBF9-4CFE-9C4C-8EF5755C49CE}.Ad-Hoc|x86.Deploy.0 = Release|x86
		{8AB207F6-EBF9-4CFE-9C4C-8EF5755C49CE}.AppStore|Any CPU.ActiveCfg = Release|x86
		{8AB207F6-EBF9-4CFE-9C4C-8EF5755C49CE}.AppStore|Any CPU.Build.0 = Release|x86
		{8AB207F6-EBF9-4CFE-9C4C-8EF5755C49CE}.AppStore|Any CPU.Deploy.0 = Release|x86
		{8AB207F6-EBF9-4CFE-9C4C-8EF5755C49CE}.AppStore|ARM.ActiveCfg = Release|ARM
		{8AB207F6-EBF9-4CFE-9C4C-8EF5755C49CE}.AppStore|ARM.Build.0 = Release|ARM
		{8AB207F6-EBF9-4CFE-9C4C-8EF5755C49CE}.AppStore|ARM.Deploy.0 = Release|ARM
		{8AB207F6-EBF9-4CFE-9C4C-8EF5755C49CE}.AppStore|iPhone.ActiveCfg = Release|x86
		{8AB207F6-EBF9-4CFE-9C4C-8EF5755C49CE}.AppStore|iPhone.Build.0 = Release|x86
		{8AB207F6-EBF9-4CFE-9C4C-8EF5755C49CE}.AppStore|iPhone.Deploy.0 = Release|x86
		{8AB207F6-EBF9-4CFE-9C4C-8EF5755C49CE}.AppStore|iPhoneSimulator.ActiveCfg = Release|x86
		{8AB207F6-EBF9-4CFE-9C4C-8EF5755C49CE}.AppStore|iPhoneSimulator.Build.0 = Release|x86
		{8AB207F6-EBF9-4CFE-9C4C-8EF5755C49CE}.AppStore|iPhoneSimulator.Deploy.0 = Release|x86
		{8AB207F6-EBF9-4CFE-9C4C-8EF5755C49CE}.AppStore|x64.ActiveCfg = Release|x64
		{8AB207F6-EBF9-4CFE-9C4C-8EF5755C49CE}.AppStore|x64.Build.0 = Release|x64
		{8AB207F6-EBF9-4CFE-9C4C-8EF5755C49CE}.AppStore|x64.Deploy.0 = Release|x64
		{8AB207F6-EBF9-4CFE-9C4C-8EF5755C49CE}.AppStore|x86.ActiveCfg = Release|x86
		{8AB207F6-EBF9-4CFE-9C4C-8EF5755C49CE}.AppStore|x86.Build.0 = Release|x86
		{8AB207F6-EBF9-4CFE-9C4C-8EF5755C49CE}.AppStore|x86.Deploy.0 = Release|x86
		{8AB207F6-EBF9-4CFE-9C4C-8EF5755C49CE}.Debug|Any CPU.ActiveCfg = Debug|x86
		{8AB207F6-EBF9-4CFE-9C4C-8EF5755C49CE}.Debug|Any CPU.Build.0 = Debug|x86
		{8AB207F6-EBF9-4CFE-9C4C-8EF5755C49CE}.Debug|Any CPU.Deploy.0 = Debug|x86
		{8AB207F6-EBF9-4CFE-9C4C-8EF5755C49CE}.Debug|ARM.ActiveCfg = Debug|ARM
		{8AB207F6-EBF9-4CFE-9C4C-8EF5755C49CE}.Debug|ARM.Build.0 = Debug|ARM
		{8AB207F6-EBF9-4CFE-9C4C-8EF5755C49CE}.Debug|ARM.Deploy.0 = Debug|ARM
		{8AB207F6-EBF9-4CFE-9C4C-8EF5755C49CE}.Debug|iPhone.ActiveCfg = Debug|x86
		{8AB207F6-EBF9-4CFE-9C4C-8EF5755C49CE}.Debug|iPhone.Build.0 = Debug|x86
		{8AB207F6-EBF9-4CFE-9C4C-8EF5755C49CE}.Debug|iPhone.Deploy.0 = Debug|x86
		{8AB207F6-EBF9-4CFE-9C4C-8EF5755C49CE}.Debug|iPhoneSimulator.ActiveCfg = Debug|x86
		{8AB207F6-EBF9-4CFE-9C4C-8EF5755C49CE}.Debug|iPhoneSimulator.Build.0 = Debug|x86
		{8AB207F6-EBF9-4CFE-9C4C-8EF5755C49CE}.Debug|iPhoneSimulator.Deploy.0 = Debug|x86
		{8AB207F6-EBF9-4CFE-9C4C-8EF5755C49CE}.Debug|x64.ActiveCfg = Debug|x64
		{8AB207F6-EBF9-4CFE-9C4C-8EF5755C49CE}.Debug|x64.Build.0 = Debug|x64
		{8AB207F6-EBF9-4CFE-9C4C-8EF5755C49CE}.Debug|x64.Deploy.0 = Debug|x64
		{8AB207F6-EBF9-4CFE-9C4C-8EF5755C49CE}.Debug|x86.ActiveCfg = Debug|x86
		{8AB207F6-EBF9-4CFE-9C4C-8EF5755C49CE}.Debug|x86.Build.0 = Debug|x86
		{8AB207F6-EBF9-4CFE-9C4C-8EF5755C49CE}.Debug|x86.Deploy.0 = Debug|x86
		{8AB207F6-EBF9-4CFE-9C4C-8EF5755C49CE}.Release|Any CPU.ActiveCfg = Release|x86
		{8AB207F6-EBF9-4CFE-9C4C-8EF5755C49CE}.Release|Any CPU.Build.0 = Release|x86
		{8AB207F6-EBF9-4CFE-9C4C-8EF5755C49CE}.Release|Any CPU.Deploy.0 = Release|x86
		{8AB207F6-EBF9-4CFE-9C4C-8EF5755C49CE}.Release|ARM.ActiveCfg = Release|ARM
		{8AB207F6-EBF9-4CFE-9C4C-8EF5755C49CE}.Release|ARM.Build.0 = Release|ARM
		{8AB207F6-EBF9-4CFE-9C4C-8EF5755C49CE}.Release|ARM.Deploy.0 = Release|ARM
		{8AB207F6-EBF9-4CFE-9C4C-8EF5755C49CE}.Release|iPhone.ActiveCfg = Release|x86
		{8AB207F6-EBF9-4CFE-9C4C-8EF5755C49CE}.Release|iPhone.Build.0 = Release|x86
		{8AB207F6-EBF9-4CFE-9C4C-8EF5755C49CE}.Release|iPhone.Deploy.0 = Release|x86
		{8AB207F6-EBF9-4CFE-9C4C-8EF5755C49CE}.Release|iPhoneSimulator.ActiveCfg = Release|x86
		{8AB207F6-EBF9-4CFE-9C4C-8EF5755C49CE}.Release|iPhoneSimulator.Build.0 = Release|x86
		{8AB207F6-EBF9-4CFE-9C4C-8EF5755C49CE}.Release|iPhoneSimulator.Deploy.0 = Release|x86
		{8AB207F6-EBF9-4CFE-9C4C-8EF5755C49CE}.Release|x64.ActiveCfg = Release|x64
		{8AB207F6-EBF9-4CFE-9C4C-8EF5755C49CE}.Release|x64.Build.0 = Release|x64
		{8AB207F6-EBF9-4CFE-9C4C-8EF5755C49CE}.Release|x64.Deploy.0 = Release|x64
		{8AB207F6-EBF9-4CFE-9C4C-8EF5755C49CE}.Release|x86.ActiveCfg = Release|x86
		{8AB207F6-EBF9-4CFE-9C4C-8EF5755C49CE}.Release|x86.Build.0 = Release|x86
		{8AB207F6-EBF9-4CFE-9C4C-8EF5755C49CE}.Release|x86.Deploy.0 = Release|x86
		{31EB8040-9812-4B88-BB8F-54F0F6BC77D5}.Ad-Hoc|Any CPU.ActiveCfg = Debug|Any CPU
		{31EB8040-9812-4B88-BB8F-54F0F6BC77D5}.Ad-Hoc|Any CPU.Build.0 = Debug|Any CPU
		{31EB8040-9812-4B88-BB8F-54F0F6BC77D5}.Ad-Hoc|Any CPU.Deploy.0 = Debug|Any CPU
		{31EB8040-9812-4B88-BB8F-54F0F6BC77D5}.Ad-Hoc|ARM.ActiveCfg = Debug|Any CPU
		{31EB8040-9812-4B88-BB8F-54F0F6BC77D5}.Ad-Hoc|ARM.Build.0 = Debug|Any CPU
		{31EB8040-9812-4B88-BB8F-54F0F6BC77D5}.Ad-Hoc|ARM.Deploy.0 = Debug|Any CPU
		{31EB8040-9812-4B88-BB8F-54F0F6BC77D5}.Ad-Hoc|iPhone.ActiveCfg = Debug|Any CPU
		{31EB8040-9812-4B88-BB8F-54F0F6BC77D5}.Ad-Hoc|iPhone.Build.0 = Debug|Any CPU
		{31EB8040-9812-4B88-BB8F-54F0F6BC77D5}.Ad-Hoc|iPhone.Deploy.0 = Debug|Any CPU
		{31EB8040-9812-4B88-BB8F-54F0F6BC77D5}.Ad-Hoc|iPhoneSimulator.ActiveCfg = Debug|Any CPU
		{31EB8040-9812-4B88-BB8F-54F0F6BC77D5}.Ad-Hoc|iPhoneSimulator.Build.0 = Debug|Any CPU
		{31EB8040-9812-4B88-BB8F-54F0F6BC77D5}.Ad-Hoc|iPhoneSimulator.Deploy.0 = Debug|Any CPU
		{31EB8040-9812-4B88-BB8F-54F0F6BC77D5}.Ad-Hoc|x64.ActiveCfg = Debug|Any CPU
		{31EB8040-9812-4B88-BB8F-54F0F6BC77D5}.Ad-Hoc|x64.Build.0 = Debug|Any CPU
		{31EB8040-9812-4B88-BB8F-54F0F6BC77D5}.Ad-Hoc|x64.Deploy.0 = Debug|Any CPU
		{31EB8040-9812-4B88-BB8F-54F0F6BC77D5}.Ad-Hoc|x86.ActiveCfg = Debug|Any CPU
		{31EB8040-9812-4B88-BB8F-54F0F6BC77D5}.Ad-Hoc|x86.Build.0 = Debug|Any CPU
		{31EB8040-9812-4B88-BB8F-54F0F6BC77D5}.Ad-Hoc|x86.Deploy.0 = Debug|Any CPU
		{31EB8040-9812-4B88-BB8F-54F0F6BC77D5}.AppStore|Any CPU.ActiveCfg = Debug|Any CPU
		{31EB8040-9812-4B88-BB8F-54F0F6BC77D5}.AppStore|Any CPU.Build.0 = Debug|Any CPU
		{31EB8040-9812-4B88-BB8F-54F0F6BC77D5}.AppStore|Any CPU.Deploy.0 = Debug|Any CPU
		{31EB8040-9812-4B88-BB8F-54F0F6BC77D5}.AppStore|ARM.ActiveCfg = Debug|Any CPU
		{31EB8040-9812-4B88-BB8F-54F0F6BC77D5}.AppStore|ARM.Build.0 = Debug|Any CPU
		{31EB8040-9812-4B88-BB8F-54F0F6BC77D5}.AppStore|ARM.Deploy.0 = Debug|Any CPU
		{31EB8040-9812-4B88-BB8F-54F0F6BC77D5}.AppStore|iPhone.ActiveCfg = Debug|Any CPU
		{31EB8040-9812-4B88-BB8F-54F0F6BC77D5}.AppStore|iPhone.Build.0 = Debug|Any CPU
		{31EB8040-9812-4B88-BB8F-54F0F6BC77D5}.AppStore|iPhone.Deploy.0 = Debug|Any CPU
		{31EB8040-9812-4B88-BB8F-54F0F6BC77D5}.AppStore|iPhoneSimulator.ActiveCfg = Debug|Any CPU
		{31EB8040-9812-4B88-BB8F-54F0F6BC77D5}.AppStore|iPhoneSimulator.Build.0 = Debug|Any CPU
		{31EB8040-9812-4B88-BB8F-54F0F6BC77D5}.AppStore|iPhoneSimulator.Deploy.0 = Debug|Any CPU
		{31EB8040-9812-4B88-BB8F-54F0F6BC77D5}.AppStore|x64.ActiveCfg = Debug|Any CPU
		{31EB8040-9812-4B88-BB8F-54F0F6BC77D5}.AppStore|x64.Build.0 = Debug|Any CPU
		{31EB8040-9812-4B88-BB8F-54F0F6BC77D5}.AppStore|x64.Deploy.0 = Debug|Any CPU
		{31EB8040-9812-4B88-BB8F-54F0F6BC77D5}.AppStore|x86.ActiveCfg = Debug|Any CPU
		{31EB8040-9812-4B88-BB8F-54F0F6BC77D5}.AppStore|x86.Build.0 = Debug|Any CPU
		{31EB8040-9812-4B88-BB8F-54F0F6BC77D5}.AppStore|x86.Deploy.0 = Debug|Any CPU
		{31EB8040-9812-4B88-BB8F-54F0F6BC77D5}.Debug|Any CPU.ActiveCfg = Debug|Any CPU
		{31EB8040-9812-4B88-BB8F-54F0F6BC77D5}.Debug|Any CPU.Build.0 = Debug|Any CPU
		{31EB8040-9812-4B88-BB8F-54F0F6BC77D5}.Debug|Any CPU.Deploy.0 = Debug|Any CPU
		{31EB8040-9812-4B88-BB8F-54F0F6BC77D5}.Debug|ARM.ActiveCfg = Debug|Any CPU
		{31EB8040-9812-4B88-BB8F-54F0F6BC77D5}.Debug|ARM.Build.0 = Debug|Any CPU
		{31EB8040-9812-4B88-BB8F-54F0F6BC77D5}.Debug|ARM.Deploy.0 = Debug|Any CPU
		{31EB8040-9812-4B88-BB8F-54F0F6BC77D5}.Debug|iPhone.ActiveCfg = Debug|Any CPU
		{31EB8040-9812-4B88-BB8F-54F0F6BC77D5}.Debug|iPhone.Build.0 = Debug|Any CPU
		{31EB8040-9812-4B88-BB8F-54F0F6BC77D5}.Debug|iPhone.Deploy.0 = Debug|Any CPU
		{31EB8040-9812-4B88-BB8F-54F0F6BC77D5}.Debug|iPhoneSimulator.ActiveCfg = Debug|Any CPU
		{31EB8040-9812-4B88-BB8F-54F0F6BC77D5}.Debug|iPhoneSimulator.Build.0 = Debug|Any CPU
		{31EB8040-9812-4B88-BB8F-54F0F6BC77D5}.Debug|iPhoneSimulator.Deploy.0 = Debug|Any CPU
		{31EB8040-9812-4B88-BB8F-54F0F6BC77D5}.Debug|x64.ActiveCfg = Debug|Any CPU
		{31EB8040-9812-4B88-BB8F-54F0F6BC77D5}.Debug|x64.Build.0 = Debug|Any CPU
		{31EB8040-9812-4B88-BB8F-54F0F6BC77D5}.Debug|x64.Deploy.0 = Debug|Any CPU
		{31EB8040-9812-4B88-BB8F-54F0F6BC77D5}.Debug|x86.ActiveCfg = Debug|Any CPU
		{31EB8040-9812-4B88-BB8F-54F0F6BC77D5}.Debug|x86.Build.0 = Debug|Any CPU
		{31EB8040-9812-4B88-BB8F-54F0F6BC77D5}.Debug|x86.Deploy.0 = Debug|Any CPU
		{31EB8040-9812-4B88-BB8F-54F0F6BC77D5}.Release|Any CPU.ActiveCfg = Release|Any CPU
		{31EB8040-9812-4B88-BB8F-54F0F6BC77D5}.Release|Any CPU.Build.0 = Release|Any CPU
		{31EB8040-9812-4B88-BB8F-54F0F6BC77D5}.Release|Any CPU.Deploy.0 = Release|Any CPU
		{31EB8040-9812-4B88-BB8F-54F0F6BC77D5}.Release|ARM.ActiveCfg = Release|Any CPU
		{31EB8040-9812-4B88-BB8F-54F0F6BC77D5}.Release|ARM.Build.0 = Release|Any CPU
		{31EB8040-9812-4B88-BB8F-54F0F6BC77D5}.Release|ARM.Deploy.0 = Release|Any CPU
		{31EB8040-9812-4B88-BB8F-54F0F6BC77D5}.Release|iPhone.ActiveCfg = Release|Any CPU
		{31EB8040-9812-4B88-BB8F-54F0F6BC77D5}.Release|iPhone.Build.0 = Release|Any CPU
		{31EB8040-9812-4B88-BB8F-54F0F6BC77D5}.Release|iPhone.Deploy.0 = Release|Any CPU
		{31EB8040-9812-4B88-BB8F-54F0F6BC77D5}.Release|iPhoneSimulator.ActiveCfg = Release|Any CPU
		{31EB8040-9812-4B88-BB8F-54F0F6BC77D5}.Release|iPhoneSimulator.Build.0 = Release|Any CPU
		{31EB8040-9812-4B88-BB8F-54F0F6BC77D5}.Release|iPhoneSimulator.Deploy.0 = Release|Any CPU
		{31EB8040-9812-4B88-BB8F-54F0F6BC77D5}.Release|x64.ActiveCfg = Release|Any CPU
		{31EB8040-9812-4B88-BB8F-54F0F6BC77D5}.Release|x64.Build.0 = Release|Any CPU
		{31EB8040-9812-4B88-BB8F-54F0F6BC77D5}.Release|x64.Deploy.0 = Release|Any CPU
		{31EB8040-9812-4B88-BB8F-54F0F6BC77D5}.Release|x86.ActiveCfg = Release|Any CPU
		{31EB8040-9812-4B88-BB8F-54F0F6BC77D5}.Release|x86.Build.0 = Release|Any CPU
		{31EB8040-9812-4B88-BB8F-54F0F6BC77D5}.Release|x86.Deploy.0 = Release|Any CPU
	EndGlobalSection
	GlobalSection(SolutionProperties) = preSolution
		HideSolutionNode = FALSE
	EndGlobalSection
	GlobalSection(ExtensibilityGlobals) = postSolution
		SolutionGuid = {0D003EC8-3A23-4D3A-A00C-1984AD28D3FF}
	EndGlobalSection
EndGlobal
